// !$*UTF8*$!
{
	archiveVersion = 1;
	classes = {
	};
	objectVersion = 46;
	objects = {

/* Begin PBXBuildFile section */
		AA5721731B33A8F300685487 /* Endpoints.h in Headers */ = {isa = PBXBuildFile; fileRef = AA5721721B33A8F300685487 /* Endpoints.h */; settings = {ATTRIBUTES = (Public, ); }; };
		AA5721791B33A8F300685487 /* Endpoints.framework in Frameworks */ = {isa = PBXBuildFile; fileRef = AA57216D1B33A8F300685487 /* Endpoints.framework */; };
		AA5721B41B33B10400685487 /* Endpoint.swift in Sources */ = {isa = PBXBuildFile; fileRef = AA5721B21B33B10400685487 /* Endpoint.swift */; };
		AA5721B51B33B10400685487 /* ObjCTarget.swift in Sources */ = {isa = PBXBuildFile; fileRef = AA5721B31B33B10400685487 /* ObjCTarget.swift */; };
		AA5721C21B33B11800685487 /* UIActivityIndicatorView+Endpoints.swift in Sources */ = {isa = PBXBuildFile; fileRef = AA5721B61B33B11800685487 /* UIActivityIndicatorView+Endpoints.swift */; };
		AA5721C31B33B11800685487 /* UIBarItem+Endpoints.swift in Sources */ = {isa = PBXBuildFile; fileRef = AA5721B71B33B11800685487 /* UIBarItem+Endpoints.swift */; };
		AA5721C41B33B11800685487 /* UIButton+Endpoints.swift in Sources */ = {isa = PBXBuildFile; fileRef = AA5721B81B33B11800685487 /* UIButton+Endpoints.swift */; };
		AA5721C51B33B11800685487 /* UIControl+Endpoints.swift in Sources */ = {isa = PBXBuildFile; fileRef = AA5721B91B33B11800685487 /* UIControl+Endpoints.swift */; };
		AA5721C61B33B11800685487 /* UIImageView+Endpoints.swift in Sources */ = {isa = PBXBuildFile; fileRef = AA5721BA1B33B11800685487 /* UIImageView+Endpoints.swift */; };
		AA5721C71B33B11800685487 /* UILabel+Endpoints.swift in Sources */ = {isa = PBXBuildFile; fileRef = AA5721BB1B33B11800685487 /* UILabel+Endpoints.swift */; };
		AA5721C81B33B11800685487 /* UIProgressView+Endpoints.swift in Sources */ = {isa = PBXBuildFile; fileRef = AA5721BC1B33B11800685487 /* UIProgressView+Endpoints.swift */; };
		AA5721C91B33B11800685487 /* UISlider+Endpoints.swift in Sources */ = {isa = PBXBuildFile; fileRef = AA5721BD1B33B11800685487 /* UISlider+Endpoints.swift */; };
		AA5721CA1B33B11800685487 /* UISwitch+Endpoints.swift in Sources */ = {isa = PBXBuildFile; fileRef = AA5721BE1B33B11800685487 /* UISwitch+Endpoints.swift */; };
		AA5721CB1B33B11800685487 /* UITextField+Endpoints.swift in Sources */ = {isa = PBXBuildFile; fileRef = AA5721BF1B33B11800685487 /* UITextField+Endpoints.swift */; };
		AA5721CC1B33B11800685487 /* UITextView+Endpoints.swift in Sources */ = {isa = PBXBuildFile; fileRef = AA5721C01B33B11800685487 /* UITextView+Endpoints.swift */; };
		AA5721CD1B33B11800685487 /* UIView+Endpoints.swift in Sources */ = {isa = PBXBuildFile; fileRef = AA5721C11B33B11800685487 /* UIView+Endpoints.swift */; };
		AA5721CF1B33B13900685487 /* SignalProducer+Endpoints.swift in Sources */ = {isa = PBXBuildFile; fileRef = AA5721CE1B33B13900685487 /* SignalProducer+Endpoints.swift */; };
		AA5721D51B33B37E00685487 /* EndpointsTests.swift in Sources */ = {isa = PBXBuildFile; fileRef = AA5721D31B33B37E00685487 /* EndpointsTests.swift */; };
		AA5721D61B33B37E00685487 /* EndpointTarget.swift in Sources */ = {isa = PBXBuildFile; fileRef = AA5721D41B33B37E00685487 /* EndpointTarget.swift */; };
		AAA79FC01B34F75600628BD2 /* Executor.swift in Sources */ = {isa = PBXBuildFile; fileRef = AAA79FBF1B34F75600628BD2 /* Executor.swift */; };
		AAA79FC21B34FD9E00628BD2 /* ExecutorTests.swift in Sources */ = {isa = PBXBuildFile; fileRef = AAA79FC11B34FD9E00628BD2 /* ExecutorTests.swift */; };
		AAA79FC41B34FDAC00628BD2 /* ExecutorSource.swift in Sources */ = {isa = PBXBuildFile; fileRef = AAA79FC31B34FDAC00628BD2 /* ExecutorSource.swift */; };
		AAA79FC61B350F3F00628BD2 /* UIBarButtonItem+Endpoints.swift in Sources */ = {isa = PBXBuildFile; fileRef = AAA79FC51B350F3F00628BD2 /* UIBarButtonItem+Endpoints.swift */; };
		AABBA7B21B33C6360071774E /* ReactiveCocoa.framework in Frameworks */ = {isa = PBXBuildFile; fileRef = AABBA7AF1B33C6360071774E /* ReactiveCocoa.framework */; };
		AABBA7B31B33C6360071774E /* Result.framework in Frameworks */ = {isa = PBXBuildFile; fileRef = AABBA7B01B33C6360071774E /* Result.framework */; };
		AABBA7B41B33C6360071774E /* Box.framework in Frameworks */ = {isa = PBXBuildFile; fileRef = AABBA7B11B33C6360071774E /* Box.framework */; };
/* End PBXBuildFile section */

/* Begin PBXContainerItemProxy section */
		AA57217A1B33A8F300685487 /* PBXContainerItemProxy */ = {
			isa = PBXContainerItemProxy;
			containerPortal = AA5721641B33A8F300685487 /* Project object */;
			proxyType = 1;
			remoteGlobalIDString = AA57216C1B33A8F300685487;
			remoteInfo = Endpoints;
		};
/* End PBXContainerItemProxy section */

/* Begin PBXFileReference section */
		AA57216D1B33A8F300685487 /* Endpoints.framework */ = {isa = PBXFileReference; explicitFileType = wrapper.framework; includeInIndex = 0; path = Endpoints.framework; sourceTree = BUILT_PRODUCTS_DIR; };
		AA5721711B33A8F300685487 /* Info.plist */ = {isa = PBXFileReference; lastKnownFileType = text.plist.xml; path = Info.plist; sourceTree = "<group>"; };
		AA5721721B33A8F300685487 /* Endpoints.h */ = {isa = PBXFileReference; lastKnownFileType = sourcecode.c.h; path = Endpoints.h; sourceTree = "<group>"; };
		AA5721781B33A8F300685487 /* EndpointsTests.xctest */ = {isa = PBXFileReference; explicitFileType = wrapper.cfbundle; includeInIndex = 0; path = EndpointsTests.xctest; sourceTree = BUILT_PRODUCTS_DIR; };
		AA57217E1B33A8F300685487 /* Info.plist */ = {isa = PBXFileReference; lastKnownFileType = text.plist.xml; path = Info.plist; sourceTree = "<group>"; };
		AA5721B21B33B10400685487 /* Endpoint.swift */ = {isa = PBXFileReference; fileEncoding = 4; lastKnownFileType = sourcecode.swift; path = Endpoint.swift; sourceTree = "<group>"; };
		AA5721B31B33B10400685487 /* ObjCTarget.swift */ = {isa = PBXFileReference; fileEncoding = 4; lastKnownFileType = sourcecode.swift; path = ObjCTarget.swift; sourceTree = "<group>"; };
		AA5721B61B33B11800685487 /* UIActivityIndicatorView+Endpoints.swift */ = {isa = PBXFileReference; fileEncoding = 4; lastKnownFileType = sourcecode.swift; path = "UIActivityIndicatorView+Endpoints.swift"; sourceTree = "<group>"; };
		AA5721B71B33B11800685487 /* UIBarItem+Endpoints.swift */ = {isa = PBXFileReference; fileEncoding = 4; lastKnownFileType = sourcecode.swift; path = "UIBarItem+Endpoints.swift"; sourceTree = "<group>"; };
		AA5721B81B33B11800685487 /* UIButton+Endpoints.swift */ = {isa = PBXFileReference; fileEncoding = 4; lastKnownFileType = sourcecode.swift; path = "UIButton+Endpoints.swift"; sourceTree = "<group>"; };
		AA5721B91B33B11800685487 /* UIControl+Endpoints.swift */ = {isa = PBXFileReference; fileEncoding = 4; lastKnownFileType = sourcecode.swift; path = "UIControl+Endpoints.swift"; sourceTree = "<group>"; };
		AA5721BA1B33B11800685487 /* UIImageView+Endpoints.swift */ = {isa = PBXFileReference; fileEncoding = 4; lastKnownFileType = sourcecode.swift; path = "UIImageView+Endpoints.swift"; sourceTree = "<group>"; };
		AA5721BB1B33B11800685487 /* UILabel+Endpoints.swift */ = {isa = PBXFileReference; fileEncoding = 4; lastKnownFileType = sourcecode.swift; path = "UILabel+Endpoints.swift"; sourceTree = "<group>"; };
		AA5721BC1B33B11800685487 /* UIProgressView+Endpoints.swift */ = {isa = PBXFileReference; fileEncoding = 4; lastKnownFileType = sourcecode.swift; path = "UIProgressView+Endpoints.swift"; sourceTree = "<group>"; };
		AA5721BD1B33B11800685487 /* UISlider+Endpoints.swift */ = {isa = PBXFileReference; fileEncoding = 4; lastKnownFileType = sourcecode.swift; path = "UISlider+Endpoints.swift"; sourceTree = "<group>"; };
		AA5721BE1B33B11800685487 /* UISwitch+Endpoints.swift */ = {isa = PBXFileReference; fileEncoding = 4; lastKnownFileType = sourcecode.swift; path = "UISwitch+Endpoints.swift"; sourceTree = "<group>"; };
		AA5721BF1B33B11800685487 /* UITextField+Endpoints.swift */ = {isa = PBXFileReference; fileEncoding = 4; lastKnownFileType = sourcecode.swift; path = "UITextField+Endpoints.swift"; sourceTree = "<group>"; };
		AA5721C01B33B11800685487 /* UITextView+Endpoints.swift */ = {isa = PBXFileReference; fileEncoding = 4; lastKnownFileType = sourcecode.swift; path = "UITextView+Endpoints.swift"; sourceTree = "<group>"; };
		AA5721C11B33B11800685487 /* UIView+Endpoints.swift */ = {isa = PBXFileReference; fileEncoding = 4; lastKnownFileType = sourcecode.swift; path = "UIView+Endpoints.swift"; sourceTree = "<group>"; };
		AA5721CE1B33B13900685487 /* SignalProducer+Endpoints.swift */ = {isa = PBXFileReference; fileEncoding = 4; lastKnownFileType = sourcecode.swift; path = "SignalProducer+Endpoints.swift"; sourceTree = "<group>"; };
		AA5721D31B33B37E00685487 /* EndpointsTests.swift */ = {isa = PBXFileReference; fileEncoding = 4; lastKnownFileType = sourcecode.swift; path = EndpointsTests.swift; sourceTree = "<group>"; };
		AA5721D41B33B37E00685487 /* EndpointTarget.swift */ = {isa = PBXFileReference; fileEncoding = 4; lastKnownFileType = sourcecode.swift; path = EndpointTarget.swift; sourceTree = "<group>"; };
		AAA79FBF1B34F75600628BD2 /* Executor.swift */ = {isa = PBXFileReference; fileEncoding = 4; lastKnownFileType = sourcecode.swift; path = Executor.swift; sourceTree = "<group>"; };
		AAA79FC11B34FD9E00628BD2 /* ExecutorTests.swift */ = {isa = PBXFileReference; fileEncoding = 4; lastKnownFileType = sourcecode.swift; path = ExecutorTests.swift; sourceTree = "<group>"; };
		AAA79FC31B34FDAC00628BD2 /* ExecutorSource.swift */ = {isa = PBXFileReference; fileEncoding = 4; lastKnownFileType = sourcecode.swift; path = ExecutorSource.swift; sourceTree = "<group>"; };
		AAA79FC51B350F3F00628BD2 /* UIBarButtonItem+Endpoints.swift */ = {isa = PBXFileReference; fileEncoding = 4; lastKnownFileType = sourcecode.swift; path = "UIBarButtonItem+Endpoints.swift"; sourceTree = "<group>"; };
		AABBA7AF1B33C6360071774E /* ReactiveCocoa.framework */ = {isa = PBXFileReference; lastKnownFileType = wrapper.framework; name = ReactiveCocoa.framework; path = Carthage/Build/iOS/ReactiveCocoa.framework; sourceTree = "<group>"; };
		AABBA7B01B33C6360071774E /* Result.framework */ = {isa = PBXFileReference; lastKnownFileType = wrapper.framework; name = Result.framework; path = Carthage/Build/iOS/Result.framework; sourceTree = "<group>"; };
		AABBA7B11B33C6360071774E /* Box.framework */ = {isa = PBXFileReference; lastKnownFileType = wrapper.framework; name = Box.framework; path = Carthage/Build/iOS/Box.framework; sourceTree = "<group>"; };
/* End PBXFileReference section */

/* Begin PBXFrameworksBuildPhase section */
		AA5721691B33A8F300685487 /* Frameworks */ = {
			isa = PBXFrameworksBuildPhase;
			buildActionMask = 2147483647;
			files = (
				AABBA7B21B33C6360071774E /* ReactiveCocoa.framework in Frameworks */,
				AABBA7B41B33C6360071774E /* Box.framework in Frameworks */,
				AABBA7B31B33C6360071774E /* Result.framework in Frameworks */,
			);
			runOnlyForDeploymentPostprocessing = 0;
		};
		AA5721751B33A8F300685487 /* Frameworks */ = {
			isa = PBXFrameworksBuildPhase;
			buildActionMask = 2147483647;
			files = (
				AA5721791B33A8F300685487 /* Endpoints.framework in Frameworks */,
			);
			runOnlyForDeploymentPostprocessing = 0;
		};
/* End PBXFrameworksBuildPhase section */

/* Begin PBXGroup section */
		AA5721631B33A8F300685487 = {
			isa = PBXGroup;
			children = (
				AA57216F1B33A8F300685487 /* Endpoints */,
				AA57217C1B33A8F300685487 /* EndpointsTests */,
				AA5721AB1B33B0A100685487 /* Frameworks */,
				AA57216E1B33A8F300685487 /* Products */,
			);
			sourceTree = "<group>";
		};
		AA57216E1B33A8F300685487 /* Products */ = {
			isa = PBXGroup;
			children = (
				AA57216D1B33A8F300685487 /* Endpoints.framework */,
				AA5721781B33A8F300685487 /* EndpointsTests.xctest */,
			);
			name = Products;
			sourceTree = "<group>";
		};
		AA57216F1B33A8F300685487 /* Endpoints */ = {
			isa = PBXGroup;
			children = (
				AA5721B21B33B10400685487 /* Endpoint.swift */,
				AAA79FBF1B34F75600628BD2 /* Executor.swift */,
				AA5721B31B33B10400685487 /* ObjCTarget.swift */,
				AA5721A71B33AAD200685487 /* UIKit Extensions */,
				AA5721A81B33AAEF00685487 /* RAC Extensions */,
				AA5721721B33A8F300685487 /* Endpoints.h */,
				AA5721701B33A8F300685487 /* Supporting Files */,
			);
			path = Endpoints;
			sourceTree = "<group>";
		};
		AA5721701B33A8F300685487 /* Supporting Files */ = {
			isa = PBXGroup;
			children = (
				AA5721711B33A8F300685487 /* Info.plist */,
			);
			name = "Supporting Files";
			sourceTree = "<group>";
		};
		AA57217C1B33A8F300685487 /* EndpointsTests */ = {
			isa = PBXGroup;
			children = (
				AA5721D31B33B37E00685487 /* EndpointsTests.swift */,
				AA5721D41B33B37E00685487 /* EndpointTarget.swift */,
				AAA79FC11B34FD9E00628BD2 /* ExecutorTests.swift */,
				AAA79FC31B34FDAC00628BD2 /* ExecutorSource.swift */,
				AA57217D1B33A8F300685487 /* Supporting Files */,
			);
			path = EndpointsTests;
			sourceTree = "<group>";
		};
		AA57217D1B33A8F300685487 /* Supporting Files */ = {
			isa = PBXGroup;
			children = (
				AA57217E1B33A8F300685487 /* Info.plist */,
			);
			name = "Supporting Files";
			sourceTree = "<group>";
		};
		AA5721A71B33AAD200685487 /* UIKit Extensions */ = {
			isa = PBXGroup;
			children = (
				AA5721B61B33B11800685487 /* UIActivityIndicatorView+Endpoints.swift */,
				AA5721B71B33B11800685487 /* UIBarItem+Endpoints.swift */,
				AAA79FC51B350F3F00628BD2 /* UIBarButtonItem+Endpoints.swift */,
				AA5721B81B33B11800685487 /* UIButton+Endpoints.swift */,
				AA5721B91B33B11800685487 /* UIControl+Endpoints.swift */,
				AA5721BA1B33B11800685487 /* UIImageView+Endpoints.swift */,
				AA5721BB1B33B11800685487 /* UILabel+Endpoints.swift */,
				AA5721BC1B33B11800685487 /* UIProgressView+Endpoints.swift */,
				AA5721BD1B33B11800685487 /* UISlider+Endpoints.swift */,
				AA5721BE1B33B11800685487 /* UISwitch+Endpoints.swift */,
				AA5721BF1B33B11800685487 /* UITextField+Endpoints.swift */,
				AA5721C01B33B11800685487 /* UITextView+Endpoints.swift */,
				AA5721C11B33B11800685487 /* UIView+Endpoints.swift */,
			);
			name = "UIKit Extensions";
			sourceTree = "<group>";
		};
		AA5721A81B33AAEF00685487 /* RAC Extensions */ = {
			isa = PBXGroup;
			children = (
				AA5721CE1B33B13900685487 /* SignalProducer+Endpoints.swift */,
			);
			name = "RAC Extensions";
			sourceTree = "<group>";
		};
		AA5721AB1B33B0A100685487 /* Frameworks */ = {
			isa = PBXGroup;
			children = (
				AABBA7AF1B33C6360071774E /* ReactiveCocoa.framework */,
				AABBA7B01B33C6360071774E /* Result.framework */,
				AABBA7B11B33C6360071774E /* Box.framework */,
			);
			name = Frameworks;
			sourceTree = "<group>";
		};
/* End PBXGroup section */

/* Begin PBXHeadersBuildPhase section */
		AA57216A1B33A8F300685487 /* Headers */ = {
			isa = PBXHeadersBuildPhase;
			buildActionMask = 2147483647;
			files = (
				AA5721731B33A8F300685487 /* Endpoints.h in Headers */,
			);
			runOnlyForDeploymentPostprocessing = 0;
		};
/* End PBXHeadersBuildPhase section */

/* Begin PBXNativeTarget section */
		AA57216C1B33A8F300685487 /* Endpoints */ = {
			isa = PBXNativeTarget;
			buildConfigurationList = AA5721831B33A8F300685487 /* Build configuration list for PBXNativeTarget "Endpoints" */;
			buildPhases = (
				AA5721681B33A8F300685487 /* Sources */,
				AA5721691B33A8F300685487 /* Frameworks */,
				AA57216A1B33A8F300685487 /* Headers */,
				AA57216B1B33A8F300685487 /* Resources */,
			);
			buildRules = (
			);
			dependencies = (
			);
			name = Endpoints;
			productName = Endpoints;
			productReference = AA57216D1B33A8F300685487 /* Endpoints.framework */;
			productType = "com.apple.product-type.framework";
		};
		AA5721771B33A8F300685487 /* EndpointsTests */ = {
			isa = PBXNativeTarget;
			buildConfigurationList = AA5721861B33A8F300685487 /* Build configuration list for PBXNativeTarget "EndpointsTests" */;
			buildPhases = (
				AA5721741B33A8F300685487 /* Sources */,
				AA5721751B33A8F300685487 /* Frameworks */,
				AA5721761B33A8F300685487 /* Resources */,
				AA5721AA1B33B05400685487 /* Copy Carthage Frameworks */,
			);
			buildRules = (
			);
			dependencies = (
				AA57217B1B33A8F300685487 /* PBXTargetDependency */,
			);
			name = EndpointsTests;
			productName = EndpointsTests;
			productReference = AA5721781B33A8F300685487 /* EndpointsTests.xctest */;
			productType = "com.apple.product-type.bundle.unit-test";
		};
/* End PBXNativeTarget section */

/* Begin PBXProject section */
		AA5721641B33A8F300685487 /* Project object */ = {
			isa = PBXProject;
			attributes = {
				LastSwiftUpdateCheck = 0700;
				LastUpgradeCheck = 0630;
				ORGANIZATIONNAME = "Steve Brambilla";
				TargetAttributes = {
					AA57216C1B33A8F300685487 = {
						CreatedOnToolsVersion = 6.3.2;
					};
					AA5721771B33A8F300685487 = {
						CreatedOnToolsVersion = 6.3.2;
					};
				};
			};
			buildConfigurationList = AA5721671B33A8F300685487 /* Build configuration list for PBXProject "Endpoints" */;
			compatibilityVersion = "Xcode 3.2";
			developmentRegion = English;
			hasScannedForEncodings = 0;
			knownRegions = (
				en,
			);
			mainGroup = AA5721631B33A8F300685487;
			productRefGroup = AA57216E1B33A8F300685487 /* Products */;
			projectDirPath = "";
			projectRoot = "";
			targets = (
				AA57216C1B33A8F300685487 /* Endpoints */,
				AA5721771B33A8F300685487 /* EndpointsTests */,
			);
		};
/* End PBXProject section */

/* Begin PBXResourcesBuildPhase section */
		AA57216B1B33A8F300685487 /* Resources */ = {
			isa = PBXResourcesBuildPhase;
			buildActionMask = 2147483647;
			files = (
			);
			runOnlyForDeploymentPostprocessing = 0;
		};
		AA5721761B33A8F300685487 /* Resources */ = {
			isa = PBXResourcesBuildPhase;
			buildActionMask = 2147483647;
			files = (
			);
			runOnlyForDeploymentPostprocessing = 0;
		};
/* End PBXResourcesBuildPhase section */

/* Begin PBXShellScriptBuildPhase section */
		AA5721AA1B33B05400685487 /* Copy Carthage Frameworks */ = {
			isa = PBXShellScriptBuildPhase;
			buildActionMask = 2147483647;
			files = (
			);
			inputPaths = (
				"$(SRCROOT)/Carthage/Build/iOS/Box.framework",
				"$(SRCROOT)/Carthage/Build/iOS/Result.framework",
				"$(SRCROOT)/Carthage/Build/iOS/ReactiveCocoa.framework",
			);
			name = "Copy Carthage Frameworks";
			outputPaths = (
			);
			runOnlyForDeploymentPostprocessing = 0;
			shellPath = /bin/sh;
			shellScript = "/usr/local/bin/carthage copy-frameworks";
		};
/* End PBXShellScriptBuildPhase section */

/* Begin PBXSourcesBuildPhase section */
		AA5721681B33A8F300685487 /* Sources */ = {
			isa = PBXSourcesBuildPhase;
			buildActionMask = 2147483647;
			files = (
				AA5721C31B33B11800685487 /* UIBarItem+Endpoints.swift in Sources */,
				AA5721CF1B33B13900685487 /* SignalProducer+Endpoints.swift in Sources */,
				AAA79FC61B350F3F00628BD2 /* UIBarButtonItem+Endpoints.swift in Sources */,
				AA5721C61B33B11800685487 /* UIImageView+Endpoints.swift in Sources */,
				AA5721CA1B33B11800685487 /* UISwitch+Endpoints.swift in Sources */,
				AA5721C21B33B11800685487 /* UIActivityIndicatorView+Endpoints.swift in Sources */,
				AA5721B41B33B10400685487 /* Endpoint.swift in Sources */,
				AA5721C81B33B11800685487 /* UIProgressView+Endpoints.swift in Sources */,
				AA5721CB1B33B11800685487 /* UITextField+Endpoints.swift in Sources */,
				AAA79FC01B34F75600628BD2 /* Executor.swift in Sources */,
				AA5721B51B33B10400685487 /* ObjCTarget.swift in Sources */,
				AA5721CC1B33B11800685487 /* UITextView+Endpoints.swift in Sources */,
				AA5721C51B33B11800685487 /* UIControl+Endpoints.swift in Sources */,
				AA5721C41B33B11800685487 /* UIButton+Endpoints.swift in Sources */,
				AA5721C71B33B11800685487 /* UILabel+Endpoints.swift in Sources */,
				AA5721C91B33B11800685487 /* UISlider+Endpoints.swift in Sources */,
				AA5721CD1B33B11800685487 /* UIView+Endpoints.swift in Sources */,
			);
			runOnlyForDeploymentPostprocessing = 0;
		};
		AA5721741B33A8F300685487 /* Sources */ = {
			isa = PBXSourcesBuildPhase;
			buildActionMask = 2147483647;
			files = (
				AA5721D51B33B37E00685487 /* EndpointsTests.swift in Sources */,
				AAA79FC21B34FD9E00628BD2 /* ExecutorTests.swift in Sources */,
				AA5721D61B33B37E00685487 /* EndpointTarget.swift in Sources */,
				AAA79FC41B34FDAC00628BD2 /* ExecutorSource.swift in Sources */,
			);
			runOnlyForDeploymentPostprocessing = 0;
		};
/* End PBXSourcesBuildPhase section */

/* Begin PBXTargetDependency section */
		AA57217B1B33A8F300685487 /* PBXTargetDependency */ = {
			isa = PBXTargetDependency;
			target = AA57216C1B33A8F300685487 /* Endpoints */;
			targetProxy = AA57217A1B33A8F300685487 /* PBXContainerItemProxy */;
		};
/* End PBXTargetDependency section */

/* Begin XCBuildConfiguration section */
		AA5721811B33A8F300685487 /* Debug */ = {
			isa = XCBuildConfiguration;
			buildSettings = {
				ALWAYS_SEARCH_USER_PATHS = NO;
				CLANG_CXX_LANGUAGE_STANDARD = "gnu++0x";
				CLANG_CXX_LIBRARY = "libc++";
				CLANG_ENABLE_MODULES = YES;
				CLANG_ENABLE_OBJC_ARC = YES;
				CLANG_WARN_BOOL_CONVERSION = YES;
				CLANG_WARN_CONSTANT_CONVERSION = YES;
				CLANG_WARN_DIRECT_OBJC_ISA_USAGE = YES_ERROR;
				CLANG_WARN_EMPTY_BODY = YES;
				CLANG_WARN_ENUM_CONVERSION = YES;
				CLANG_WARN_INT_CONVERSION = YES;
				CLANG_WARN_OBJC_ROOT_CLASS = YES_ERROR;
				CLANG_WARN_UNREACHABLE_CODE = YES;
				CLANG_WARN__DUPLICATE_METHOD_MATCH = YES;
				"CODE_SIGN_IDENTITY[sdk=iphoneos*]" = "iPhone Developer";
				COPY_PHASE_STRIP = NO;
				CURRENT_PROJECT_VERSION = 1;
				DEBUG_INFORMATION_FORMAT = "dwarf-with-dsym";
				ENABLE_STRICT_OBJC_MSGSEND = YES;
				GCC_C_LANGUAGE_STANDARD = gnu99;
				GCC_DYNAMIC_NO_PIC = NO;
				GCC_NO_COMMON_BLOCKS = YES;
				GCC_OPTIMIZATION_LEVEL = 0;
				GCC_PREPROCESSOR_DEFINITIONS = (
					"DEBUG=1",
					"$(inherited)",
				);
				GCC_SYMBOLS_PRIVATE_EXTERN = NO;
				GCC_WARN_64_TO_32_BIT_CONVERSION = YES;
				GCC_WARN_ABOUT_RETURN_TYPE = YES_ERROR;
				GCC_WARN_UNDECLARED_SELECTOR = YES;
				GCC_WARN_UNINITIALIZED_AUTOS = YES_AGGRESSIVE;
				GCC_WARN_UNUSED_FUNCTION = YES;
				GCC_WARN_UNUSED_VARIABLE = YES;
				IPHONEOS_DEPLOYMENT_TARGET = 8.3;
				MTL_ENABLE_DEBUG_INFO = YES;
				ONLY_ACTIVE_ARCH = YES;
				SDKROOT = iphoneos;
				SWIFT_OPTIMIZATION_LEVEL = "-Onone";
				TARGETED_DEVICE_FAMILY = "1,2";
				VERSIONING_SYSTEM = "apple-generic";
				VERSION_INFO_PREFIX = "";
			};
			name = Debug;
		};
		AA5721821B33A8F300685487 /* Release */ = {
			isa = XCBuildConfiguration;
			buildSettings = {
				ALWAYS_SEARCH_USER_PATHS = NO;
				CLANG_CXX_LANGUAGE_STANDARD = "gnu++0x";
				CLANG_CXX_LIBRARY = "libc++";
				CLANG_ENABLE_MODULES = YES;
				CLANG_ENABLE_OBJC_ARC = YES;
				CLANG_WARN_BOOL_CONVERSION = YES;
				CLANG_WARN_CONSTANT_CONVERSION = YES;
				CLANG_WARN_DIRECT_OBJC_ISA_USAGE = YES_ERROR;
				CLANG_WARN_EMPTY_BODY = YES;
				CLANG_WARN_ENUM_CONVERSION = YES;
				CLANG_WARN_INT_CONVERSION = YES;
				CLANG_WARN_OBJC_ROOT_CLASS = YES_ERROR;
				CLANG_WARN_UNREACHABLE_CODE = YES;
				CLANG_WARN__DUPLICATE_METHOD_MATCH = YES;
				"CODE_SIGN_IDENTITY[sdk=iphoneos*]" = "iPhone Developer";
				COPY_PHASE_STRIP = NO;
				CURRENT_PROJECT_VERSION = 1;
				DEBUG_INFORMATION_FORMAT = "dwarf-with-dsym";
				ENABLE_NS_ASSERTIONS = NO;
				ENABLE_STRICT_OBJC_MSGSEND = YES;
				GCC_C_LANGUAGE_STANDARD = gnu99;
				GCC_NO_COMMON_BLOCKS = YES;
				GCC_WARN_64_TO_32_BIT_CONVERSION = YES;
				GCC_WARN_ABOUT_RETURN_TYPE = YES_ERROR;
				GCC_WARN_UNDECLARED_SELECTOR = YES;
				GCC_WARN_UNINITIALIZED_AUTOS = YES_AGGRESSIVE;
				GCC_WARN_UNUSED_FUNCTION = YES;
				GCC_WARN_UNUSED_VARIABLE = YES;
				IPHONEOS_DEPLOYMENT_TARGET = 8.3;
				MTL_ENABLE_DEBUG_INFO = NO;
				SDKROOT = iphoneos;
				TARGETED_DEVICE_FAMILY = "1,2";
				VALIDATE_PRODUCT = YES;
				VERSIONING_SYSTEM = "apple-generic";
				VERSION_INFO_PREFIX = "";
			};
			name = Release;
		};
		AA5721841B33A8F300685487 /* Debug */ = {
			isa = XCBuildConfiguration;
			buildSettings = {
				DEFINES_MODULE = YES;
				DYLIB_COMPATIBILITY_VERSION = 1;
				DYLIB_CURRENT_VERSION = 1;
				DYLIB_INSTALL_NAME_BASE = "@rpath";
				FRAMEWORK_SEARCH_PATHS = (
					"$(inherited)",
					"$(PROJECT_DIR)-Dev/Carthage/Build/iOS",
					"$(PROJECT_DIR)/Carthage/Build/iOS",
				);
				INFOPLIST_FILE = Endpoints/Info.plist;
				INSTALL_PATH = "$(LOCAL_LIBRARY_DIR)/Frameworks";
				IPHONEOS_DEPLOYMENT_TARGET = 8.0;
				LD_RUNPATH_SEARCH_PATHS = "$(inherited) @executable_path/Frameworks @loader_path/Frameworks";
				PRODUCT_NAME = "$(TARGET_NAME)";
				SKIP_INSTALL = YES;
			};
			name = Debug;
		};
		AA5721851B33A8F300685487 /* Release */ = {
			isa = XCBuildConfiguration;
			buildSettings = {
				DEFINES_MODULE = YES;
				DYLIB_COMPATIBILITY_VERSION = 1;
				DYLIB_CURRENT_VERSION = 1;
				DYLIB_INSTALL_NAME_BASE = "@rpath";
				FRAMEWORK_SEARCH_PATHS = (
					"$(inherited)",
					"$(PROJECT_DIR)-Dev/Carthage/Build/iOS",
					"$(PROJECT_DIR)/Carthage/Build/iOS",
				);
				INFOPLIST_FILE = Endpoints/Info.plist;
				INSTALL_PATH = "$(LOCAL_LIBRARY_DIR)/Frameworks";
				IPHONEOS_DEPLOYMENT_TARGET = 8.0;
				LD_RUNPATH_SEARCH_PATHS = "$(inherited) @executable_path/Frameworks @loader_path/Frameworks";
				PRODUCT_NAME = "$(TARGET_NAME)";
				SKIP_INSTALL = YES;
			};
			name = Release;
		};
		AA5721871B33A8F300685487 /* Debug */ = {
			isa = XCBuildConfiguration;
			buildSettings = {
				FRAMEWORK_SEARCH_PATHS = (
					"$(SDKROOT)/Developer/Library/Frameworks",
					"$(inherited)",
					"$(PROJECT_DIR)-Dev/Carthage/Build/iOS",
				);
				GCC_PREPROCESSOR_DEFINITIONS = (
					"DEBUG=1",
					"$(inherited)",
				);
				INFOPLIST_FILE = EndpointsTests/Info.plist;
				LD_RUNPATH_SEARCH_PATHS = "$(inherited) @executable_path/Frameworks @loader_path/Frameworks";
				PRODUCT_NAME = "$(TARGET_NAME)";
			};
			name = Debug;
		};
		AA5721881B33A8F300685487 /* Release */ = {
			isa = XCBuildConfiguration;
			buildSettings = {
				FRAMEWORK_SEARCH_PATHS = (
					"$(SDKROOT)/Developer/Library/Frameworks",
					"$(inherited)",
					"$(PROJECT_DIR)-Dev/Carthage/Build/iOS",
				);
				INFOPLIST_FILE = EndpointsTests/Info.plist;
				LD_RUNPATH_SEARCH_PATHS = "$(inherited) @executable_path/Frameworks @loader_path/Frameworks";
				PRODUCT_NAME = "$(TARGET_NAME)";
			};
			name = Release;
		};
/* End XCBuildConfiguration section */

/* Begin XCConfigurationList section */
		AA5721671B33A8F300685487 /* Build configuration list for PBXProject "Endpoints" */ = {
			isa = XCConfigurationList;
			buildConfigurations = (
				AA5721811B33A8F300685487 /* Debug */,
				AA5721821B33A8F300685487 /* Release */,
			);
			defaultConfigurationIsVisible = 0;
			defaultConfigurationName = Release;
		};
		AA5721831B33A8F300685487 /* Build configuration list for PBXNativeTarget "Endpoints" */ = {
			isa = XCConfigurationList;
			buildConfigurations = (
				AA5721841B33A8F300685487 /* Debug */,
				AA5721851B33A8F300685487 /* Release */,
			);
			defaultConfigurationIsVisible = 0;
			defaultConfigurationName = Release;
		};
		AA5721861B33A8F300685487 /* Build configuration list for PBXNativeTarget "EndpointsTests" */ = {
			isa = XCConfigurationList;
			buildConfigurations = (
				AA5721871B33A8F300685487 /* Debug */,
				AA5721881B33A8F300685487 /* Release */,
			);
			defaultConfigurationIsVisible = 0;
			defaultConfigurationName = Release;
		};
/* End XCConfigurationList section */
	};
	rootObject = AA5721641B33A8F300685487 /* Project object */;
}
